
Microsoft Visual Studio Solution File, Format Version 12.00
# Visual Studio Version 17
VisualStudioVersion = 17.1.32328.378
MinimumVisualStudioVersion = 10.0.40219.1
Project("{9A19103F-16F7-4668-BE54-9A1E7A4F7556}") = "Algorand.PowerShell.UnitTest", "Algorand.PowerShell.UnitTest\Algorand.PowerShell.UnitTest.csproj", "{69951D5D-E5A1-4E85-95E8-E30F1CE2E748}"
EndProject
Project("{9A19103F-16F7-4668-BE54-9A1E7A4F7556}") = "Algorand.PowerShell", "..\src\Algorand.PowerShell\Algorand.PowerShell.csproj", "{05718A1A-F48D-4E24-B844-00E55C23E5F1}"
EndProject
Global
	GlobalSection(SolutionConfigurationPlatforms) = preSolution
		Debug|Any CPU = Debug|Any CPU
		Release|Any CPU = Release|Any CPU
	EndGlobalSection
	GlobalSection(ProjectConfigurationPlatforms) = postSolution
		{69951D5D-E5A1-4E85-95E8-E30F1CE2E748}.Debug|Any CPU.ActiveCfg = Debug|Any CPU
		{69951D5D-E5A1-4E85-95E8-E30F1CE2E748}.Debug|Any CPU.Build.0 = Debug|Any CPU
		{69951D5D-E5A1-4E85-95E8-E30F1CE2E748}.Release|Any CPU.ActiveCfg = Release|Any CPU
		{69951D5D-E5A1-4E85-95E8-E30F1CE2E748}.Release|Any CPU.Build.0 = Release|Any CPU
		{05718A1A-F48D-4E24-B844-00E55C23E5F1}.Debug|Any CPU.ActiveCfg = Debug|Any CPU
		{05718A1A-F48D-4E24-B844-00E55C23E5F1}.Debug|Any CPU.Build.0 = Debug|Any CPU
		{05718A1A-F48D-4E24-B844-00E55C23E5F1}.Release|Any CPU.ActiveCfg = Release|Any CPU
		{05718A1A-F48D-4E24-B844-00E55C23E5F1}.Release|Any CPU.Build.0 = Release|Any CPU
	EndGlobalSection
	GlobalSection(SolutionProperties) = preSolution
		HideSolutionNode = FALSE
	EndGlobalSection
	GlobalSection(ExtensibilityGlobals) = postSolution
		SolutionGuid = {0479E198-5409-4104-A57B-B6401673688F}
	EndGlobalSection
EndGlobal
